
Microsoft Visual Studio Solution File, Format Version 12.00
# Visual Studio Version 16
VisualStudioVersion = 16.0.30128.74
MinimumVisualStudioVersion = 10.0.40219.1
Project("{9A19103F-16F7-4668-BE54-9A1E7A4F7556}") = "NarshaProject", "NarshaProject.csproj", "{EFD36080-EC69-4634-BC36-43AD8452D274}"
EndProject
Global
	GlobalSection(SolutionConfigurationPlatforms) = preSolution
		Debug|Any CPU = Debug|Any CPU
		Release|Any CPU = Release|Any CPU
	EndGlobalSection
	GlobalSection(ProjectConfigurationPlatforms) = postSolution
		{EFD36080-EC69-4634-BC36-43AD8452D274}.Debug|Any CPU.ActiveCfg = Debug|Any CPU
		{EFD36080-EC69-4634-BC36-43AD8452D274}.Debug|Any CPU.Build.0 = Debug|Any CPU
		{EFD36080-EC69-4634-BC36-43AD8452D274}.Release|Any CPU.ActiveCfg = Release|Any CPU
		{EFD36080-EC69-4634-BC36-43AD8452D274}.Release|Any CPU.Build.0 = Release|Any CPU
	EndGlobalSection
	GlobalSection(SolutionProperties) = preSolution
		HideSolutionNode = FALSE
	EndGlobalSection
	GlobalSection(ExtensibilityGlobals) = postSolution
		SolutionGuid = {632744E7-47BF-4402-80D7-94469A748BB9}
	EndGlobalSection
EndGlobal
